
Microsoft Visual Studio Solution File, Format Version 12.00
# Visual Studio 2013
VisualStudioVersion = 12.0.31101.0
MinimumVisualStudioVersion = 10.0.40219.1
Project("{FAE04EC0-301F-11D3-BF4B-00C04F79EFBC}") = "01.TreeTask", "TreeTask\01.TreeTask.csproj", "{E4D3C8FC-6CEA-413C-96FE-0839C8737815}"
EndProject
Project("{FAE04EC0-301F-11D3-BF4B-00C04F79EFBC}") = "02.DirectoryTraverse", "DirectoryTraverse\02.DirectoryTraverse.csproj", "{F4B0D483-8ADD-4AED-982A-96F55B13423E}"
EndProject
Project("{FAE04EC0-301F-11D3-BF4B-00C04F79EFBC}") = "03.FileSystemTree", "FileSystemTree\03.FileSystemTree.csproj", "{5902660B-754B-4EFA-BABF-2C95FAB078D6}"
EndProject
Global
	GlobalSection(SolutionConfigurationPlatforms) = preSolution
		Debug|Any CPU = Debug|Any CPU
		Release|Any CPU = Release|Any CPU
	EndGlobalSection
	GlobalSection(ProjectConfigurationPlatforms) = postSolution
		{E4D3C8FC-6CEA-413C-96FE-0839C8737815}.Debug|Any CPU.ActiveCfg = Debug|Any CPU
		{E4D3C8FC-6CEA-413C-96FE-0839C8737815}.Debug|Any CPU.Build.0 = Debug|Any CPU
		{E4D3C8FC-6CEA-413C-96FE-0839C8737815}.Release|Any CPU.ActiveCfg = Release|Any CPU
		{E4D3C8FC-6CEA-413C-96FE-0839C8737815}.Release|Any CPU.Build.0 = Release|Any CPU
		{F4B0D483-8ADD-4AED-982A-96F55B13423E}.Debug|Any CPU.ActiveCfg = Debug|Any CPU
		{F4B0D483-8ADD-4AED-982A-96F55B13423E}.Debug|Any CPU.Build.0 = Debug|Any CPU
		{F4B0D483-8ADD-4AED-982A-96F55B13423E}.Release|Any CPU.ActiveCfg = Release|Any CPU
		{F4B0D483-8ADD-4AED-982A-96F55B13423E}.Release|Any CPU.Build.0 = Release|Any CPU
		{5902660B-754B-4EFA-BABF-2C95FAB078D6}.Debug|Any CPU.ActiveCfg = Debug|Any CPU
		{5902660B-754B-4EFA-BABF-2C95FAB078D6}.Debug|Any CPU.Build.0 = Debug|Any CPU
		{5902660B-754B-4EFA-BABF-2C95FAB078D6}.Release|Any CPU.ActiveCfg = Release|Any CPU
		{5902660B-754B-4EFA-BABF-2C95FAB078D6}.Release|Any CPU.Build.0 = Release|Any CPU
	EndGlobalSection
	GlobalSection(SolutionProperties) = preSolution
		HideSolutionNode = FALSE
	EndGlobalSection
EndGlobal
