
Microsoft Visual Studio Solution File, Format Version 12.00
# Visual Studio 2013
VisualStudioVersion = 12.0.31101.0
MinimumVisualStudioVersion = 10.0.40219.1
Project("{FAE04EC0-301F-11D3-BF4B-00C04F79EFBC}") = "01.TicketCSS", "TicketCSS\01.TicketCSS.csproj", "{9FA42E7E-873D-4C97-BA5B-DEF640BB8A31}"
EndProject
Project("{FAE04EC0-301F-11D3-BF4B-00C04F79EFBC}") = "02.InternationalEmployees", "InternationalEmployees\02.InternationalEmployees.csproj", "{D70D2295-8EC2-4D18-8790-2E4CBF9EAD78}"
EndProject
Project("{FAE04EC0-301F-11D3-BF4B-00C04F79EFBC}") = "03.ForumPosts", "ForumPosts\03.ForumPosts.csproj", "{BF96F39A-1BA5-4476-9DEF-EAFADFE8B3F0}"
EndProject
Global
	GlobalSection(SolutionConfigurationPlatforms) = preSolution
		Debug|Any CPU = Debug|Any CPU
		Release|Any CPU = Release|Any CPU
	EndGlobalSection
	GlobalSection(ProjectConfigurationPlatforms) = postSolution
		{9FA42E7E-873D-4C97-BA5B-DEF640BB8A31}.Debug|Any CPU.ActiveCfg = Debug|Any CPU
		{9FA42E7E-873D-4C97-BA5B-DEF640BB8A31}.Debug|Any CPU.Build.0 = Debug|Any CPU
		{9FA42E7E-873D-4C97-BA5B-DEF640BB8A31}.Release|Any CPU.ActiveCfg = Release|Any CPU
		{9FA42E7E-873D-4C97-BA5B-DEF640BB8A31}.Release|Any CPU.Build.0 = Release|Any CPU
		{D70D2295-8EC2-4D18-8790-2E4CBF9EAD78}.Debug|Any CPU.ActiveCfg = Debug|Any CPU
		{D70D2295-8EC2-4D18-8790-2E4CBF9EAD78}.Debug|Any CPU.Build.0 = Debug|Any CPU
		{D70D2295-8EC2-4D18-8790-2E4CBF9EAD78}.Release|Any CPU.ActiveCfg = Release|Any CPU
		{D70D2295-8EC2-4D18-8790-2E4CBF9EAD78}.Release|Any CPU.Build.0 = Release|Any CPU
		{BF96F39A-1BA5-4476-9DEF-EAFADFE8B3F0}.Debug|Any CPU.ActiveCfg = Debug|Any CPU
		{BF96F39A-1BA5-4476-9DEF-EAFADFE8B3F0}.Debug|Any CPU.Build.0 = Debug|Any CPU
		{BF96F39A-1BA5-4476-9DEF-EAFADFE8B3F0}.Release|Any CPU.ActiveCfg = Release|Any CPU
		{BF96F39A-1BA5-4476-9DEF-EAFADFE8B3F0}.Release|Any CPU.Build.0 = Release|Any CPU
	EndGlobalSection
	GlobalSection(SolutionProperties) = preSolution
		HideSolutionNode = FALSE
	EndGlobalSection
EndGlobal
