
Microsoft Visual Studio Solution File, Format Version 12.00
# Visual Studio 2013
VisualStudioVersion = 12.0.31101.0
MinimumVisualStudioVersion = 10.0.40219.1
Project("{FAE04EC0-301F-11D3-BF4B-00C04F79EFBC}") = "01.PriorityQueueImplementation", "PriorityQueueImplementation\01.PriorityQueueImplementation.csproj", "{1A540B27-3E66-4DC6-B3A0-6CD3468ABF20}"
EndProject
Project("{FAE04EC0-301F-11D3-BF4B-00C04F79EFBC}") = "02.ProductsSearch", "ProductsSearch\02.ProductsSearch.csproj", "{B3640610-A892-4BD1-A6AF-E36513D4375D}"
EndProject
Project("{FAE04EC0-301F-11D3-BF4B-00C04F79EFBC}") = "03.WordsCount", "WordsCount\03.WordsCount.csproj", "{73716658-5659-433F-9F6E-F50F4F940B45}"
EndProject
Global
	GlobalSection(SolutionConfigurationPlatforms) = preSolution
		Debug|Any CPU = Debug|Any CPU
		Release|Any CPU = Release|Any CPU
	EndGlobalSection
	GlobalSection(ProjectConfigurationPlatforms) = postSolution
		{1A540B27-3E66-4DC6-B3A0-6CD3468ABF20}.Debug|Any CPU.ActiveCfg = Debug|Any CPU
		{1A540B27-3E66-4DC6-B3A0-6CD3468ABF20}.Debug|Any CPU.Build.0 = Debug|Any CPU
		{1A540B27-3E66-4DC6-B3A0-6CD3468ABF20}.Release|Any CPU.ActiveCfg = Release|Any CPU
		{1A540B27-3E66-4DC6-B3A0-6CD3468ABF20}.Release|Any CPU.Build.0 = Release|Any CPU
		{B3640610-A892-4BD1-A6AF-E36513D4375D}.Debug|Any CPU.ActiveCfg = Debug|Any CPU
		{B3640610-A892-4BD1-A6AF-E36513D4375D}.Debug|Any CPU.Build.0 = Debug|Any CPU
		{B3640610-A892-4BD1-A6AF-E36513D4375D}.Release|Any CPU.ActiveCfg = Release|Any CPU
		{B3640610-A892-4BD1-A6AF-E36513D4375D}.Release|Any CPU.Build.0 = Release|Any CPU
		{73716658-5659-433F-9F6E-F50F4F940B45}.Debug|Any CPU.ActiveCfg = Debug|Any CPU
		{73716658-5659-433F-9F6E-F50F4F940B45}.Debug|Any CPU.Build.0 = Debug|Any CPU
		{73716658-5659-433F-9F6E-F50F4F940B45}.Release|Any CPU.ActiveCfg = Release|Any CPU
		{73716658-5659-433F-9F6E-F50F4F940B45}.Release|Any CPU.Build.0 = Release|Any CPU
	EndGlobalSection
	GlobalSection(SolutionProperties) = preSolution
		HideSolutionNode = FALSE
	EndGlobalSection
EndGlobal
